
Microsoft Visual Studio Solution File, Format Version 12.00
# Visual Studio Version 17
VisualStudioVersion = 17.6.33829.357
MinimumVisualStudioVersion = 10.0.40219.1
Project("{2150E333-8FDC-42A3-9474-1A3956D46DE8}") = "src", "src", "{A5331AFB-88E0-4CCF-BE83-1870281B6953}"
EndProject
Project("{2150E333-8FDC-42A3-9474-1A3956D46DE8}") = "samples", "samples", "{6E1748EA-7C5D-477A-90B0-A9C87E55F1A9}"
EndProject
Project("{9A19103F-16F7-4668-BE54-9A1E7A4F7556}") = "Lycoris.Quartz", "src\Lycoris.Quartz\Lycoris.Quartz.csproj", "{86A80C6F-41F3-4BF3-816C-C5341754FE97}"
EndProject
Project("{9A19103F-16F7-4668-BE54-9A1E7A4F7556}") = "QuartzSample", "samples\QuartzSample\QuartzSample.csproj", "{834F2C98-53F3-4D6F-8B07-77CB141E3CA8}"
EndProject
Global
	GlobalSection(SolutionConfigurationPlatforms) = preSolution
		Debug|Any CPU = Debug|Any CPU
		Release|Any CPU = Release|Any CPU
	EndGlobalSection
	GlobalSection(ProjectConfigurationPlatforms) = postSolution
		{86A80C6F-41F3-4BF3-816C-C5341754FE97}.Debug|Any CPU.ActiveCfg = Debug|Any CPU
		{86A80C6F-41F3-4BF3-816C-C5341754FE97}.Debug|Any CPU.Build.0 = Debug|Any CPU
		{86A80C6F-41F3-4BF3-816C-C5341754FE97}.Release|Any CPU.ActiveCfg = Release|Any CPU
		{86A80C6F-41F3-4BF3-816C-C5341754FE97}.Release|Any CPU.Build.0 = Release|Any CPU
		{834F2C98-53F3-4D6F-8B07-77CB141E3CA8}.Debug|Any CPU.ActiveCfg = Debug|Any CPU
		{834F2C98-53F3-4D6F-8B07-77CB141E3CA8}.Debug|Any CPU.Build.0 = Debug|Any CPU
		{834F2C98-53F3-4D6F-8B07-77CB141E3CA8}.Release|Any CPU.ActiveCfg = Release|Any CPU
		{834F2C98-53F3-4D6F-8B07-77CB141E3CA8}.Release|Any CPU.Build.0 = Release|Any CPU
	EndGlobalSection
	GlobalSection(SolutionProperties) = preSolution
		HideSolutionNode = FALSE
	EndGlobalSection
	GlobalSection(NestedProjects) = preSolution
		{86A80C6F-41F3-4BF3-816C-C5341754FE97} = {A5331AFB-88E0-4CCF-BE83-1870281B6953}
		{834F2C98-53F3-4D6F-8B07-77CB141E3CA8} = {6E1748EA-7C5D-477A-90B0-A9C87E55F1A9}
	EndGlobalSection
	GlobalSection(ExtensibilityGlobals) = postSolution
		SolutionGuid = {EE1D013E-DE3F-434A-955E-CEFBC3930786}
	EndGlobalSection
EndGlobal
